// !$*UTF8*$!
{
	archiveVersion = 1;
	classes = {
	};
	objectVersion = 55;
	objects = {

/* Begin PBXBuildFile section */
		5535288E27BEA06300D8A2E9 /* Modules in Frameworks */ = {isa = PBXBuildFile; productRef = 5535288D27BEA06300D8A2E9 /* Modules */; };
		556F84DE2805AC340034CE8E /* Coordinator.swift in Sources */ = {isa = PBXBuildFile; fileRef = 556F84DD2805AC340034CE8E /* Coordinator.swift */; };
		556F84E12805AD200034CE8E /* AppCoordinator.swift in Sources */ = {isa = PBXBuildFile; fileRef = 556F84E02805AD200034CE8E /* AppCoordinator.swift */; };
		556F84E42805B67C0034CE8E /* HomeCoordinator.swift in Sources */ = {isa = PBXBuildFile; fileRef = 556F84E32805B67C0034CE8E /* HomeCoordinator.swift */; };
		556F84E72805B6F60034CE8E /* HomeService.swift in Sources */ = {isa = PBXBuildFile; fileRef = 556F84E62805B6F60034CE8E /* HomeService.swift */; };
		556F84EA2805BF9A0034CE8E /* ProfilePickerCoordinator.swift in Sources */ = {isa = PBXBuildFile; fileRef = 556F84E92805BF9A0034CE8E /* ProfilePickerCoordinator.swift */; };
		5573D2EC278A596B000332D9 /* SearchResultsViewController.swift in Sources */ = {isa = PBXBuildFile; fileRef = 5573D2EB278A596B000332D9 /* SearchResultsViewController.swift */; };
		5573D2EE278A8EDF000332D9 /* YouTubeSearchResponse.swift in Sources */ = {isa = PBXBuildFile; fileRef = 5573D2ED278A8EDE000332D9 /* YouTubeSearchResponse.swift */; };
		5580B95B280B499600B10D9D /* TitlePreviewCoordinator.swift in Sources */ = {isa = PBXBuildFile; fileRef = 5580B95A280B499600B10D9D /* TitlePreviewCoordinator.swift */; };
		5580B95F280B665000B10D9D /* TitlePlayerCoordinator.swift in Sources */ = {isa = PBXBuildFile; fileRef = 5580B95E280B665000B10D9D /* TitlePlayerCoordinator.swift */; };
		55895AFA27725DCF00395212 /* AppDelegate.swift in Sources */ = {isa = PBXBuildFile; fileRef = 55895AF927725DCF00395212 /* AppDelegate.swift */; };
		55895AFC27725DCF00395212 /* SceneDelegate.swift in Sources */ = {isa = PBXBuildFile; fileRef = 55895AFB27725DCF00395212 /* SceneDelegate.swift */; };
		55895B0327725DD200395212 /* Assets.xcassets in Resources */ = {isa = PBXBuildFile; fileRef = 55895B0227725DD200395212 /* Assets.xcassets */; };
		55895B0627725DD200395212 /* LaunchScreen.storyboard in Resources */ = {isa = PBXBuildFile; fileRef = 55895B0427725DD200395212 /* LaunchScreen.storyboard */; };
		55895B1127725DD200395212 /* Netflix_CloneTests.swift in Sources */ = {isa = PBXBuildFile; fileRef = 55895B1027725DD200395212 /* Netflix_CloneTests.swift */; };
		55895B1B27725DD200395212 /* Netflix_CloneUITests.swift in Sources */ = {isa = PBXBuildFile; fileRef = 55895B1A27725DD200395212 /* Netflix_CloneUITests.swift */; };
		55895B1D27725DD200395212 /* Netflix_CloneUITestsLaunchTests.swift in Sources */ = {isa = PBXBuildFile; fileRef = 55895B1C27725DD200395212 /* Netflix_CloneUITestsLaunchTests.swift */; };
		55895B2F2772607400395212 /* SearchViewController.swift in Sources */ = {isa = PBXBuildFile; fileRef = 55895B2E2772607400395212 /* SearchViewController.swift */; };
		55895B31277260A900395212 /* DownloadsViewController.swift in Sources */ = {isa = PBXBuildFile; fileRef = 55895B30277260A900395212 /* DownloadsViewController.swift */; };
		55895B3827726A6400395212 /* CollectionViewTableViewCell.swift in Sources */ = {isa = PBXBuildFile; fileRef = 55895B3727726A6400395212 /* CollectionViewTableViewCell.swift */; };
		55895B3A277270A300395212 /* HeroHeaderView.swift in Sources */ = {isa = PBXBuildFile; fileRef = 55895B39277270A200395212 /* HeroHeaderView.swift */; };
		5596A7DA280CE18800E3AD81 /* UpcomingSoonCoordinator.swift in Sources */ = {isa = PBXBuildFile; fileRef = 5596A7D9280CE18800E3AD81 /* UpcomingSoonCoordinator.swift */; };
		5596A7DD280D1CD100E3AD81 /* UpcomingSoonService.swift in Sources */ = {isa = PBXBuildFile; fileRef = 5596A7DC280D1CD100E3AD81 /* UpcomingSoonService.swift */; };
		5596A7E3280D24FD00E3AD81 /* Constants.swift in Sources */ = {isa = PBXBuildFile; fileRef = 5596A7E2280D24FD00E3AD81 /* Constants.swift */; };
		5596A7E5280D280000E3AD81 /* HomeTrendingMoviesRequest.swift in Sources */ = {isa = PBXBuildFile; fileRef = 5596A7E4280D280000E3AD81 /* HomeTrendingMoviesRequest.swift */; };
		5596A7E7280D284700E3AD81 /* HomeTrendingTVsRequest.swift in Sources */ = {isa = PBXBuildFile; fileRef = 5596A7E6280D284700E3AD81 /* HomeTrendingTVsRequest.swift */; };
		5596A7E9280D291D00E3AD81 /* HomePopularMoviesRequest.swift in Sources */ = {isa = PBXBuildFile; fileRef = 5596A7E8280D291D00E3AD81 /* HomePopularMoviesRequest.swift */; };
		5596A7EB280D2AE200E3AD81 /* HomePopularTVsRequest.swift in Sources */ = {isa = PBXBuildFile; fileRef = 5596A7EA280D2AE200E3AD81 /* HomePopularTVsRequest.swift */; };
		5596A7ED280D2CD800E3AD81 /* HomeTopRatedMoviesRequest.swift in Sources */ = {isa = PBXBuildFile; fileRef = 5596A7EC280D2CD800E3AD81 /* HomeTopRatedMoviesRequest.swift */; };
		5596A7EF280D2D1100E3AD81 /* HomeTopRatedTVsRequest.swift in Sources */ = {isa = PBXBuildFile; fileRef = 5596A7EE280D2D1100E3AD81 /* HomeTopRatedTVsRequest.swift */; };
		5596A7F1280D2D7F00E3AD81 /* HomeUpcomingMoviesRequest.swift in Sources */ = {isa = PBXBuildFile; fileRef = 5596A7F0280D2D7F00E3AD81 /* HomeUpcomingMoviesRequest.swift */; };
		55FE1200277A2AFC0031E404 /* HomeSectionHeader.swift in Sources */ = {isa = PBXBuildFile; fileRef = 55FE11FF277A2AFC0031E404 /* HomeSectionHeader.swift */; };
		55FE1203277A2FE50031E404 /* UIFont+Extensions.swift in Sources */ = {isa = PBXBuildFile; fileRef = 55FE1202277A2FE50031E404 /* UIFont+Extensions.swift */; };
		55FE1205277A34810031E404 /* APICaller.swift in Sources */ = {isa = PBXBuildFile; fileRef = 55FE1204277A34810031E404 /* APICaller.swift */; };
		55FE1207277A38F30031E404 /* TitleResponse.swift in Sources */ = {isa = PBXBuildFile; fileRef = 55FE1206277A38F30031E404 /* TitleResponse.swift */; };
		55FE120B277A543B0031E404 /* TitleCollectionViewCell.swift in Sources */ = {isa = PBXBuildFile; fileRef = 55FE120A277A543A0031E404 /* TitleCollectionViewCell.swift */; };
		55FE120E277A57220031E404 /* SDWebImage in Frameworks */ = {isa = PBXBuildFile; productRef = 55FE120D277A57220031E404 /* SDWebImage */; };
		55FE1210277A57220031E404 /* SDWebImageMapKit in Frameworks */ = {isa = PBXBuildFile; productRef = 55FE120F277A57220031E404 /* SDWebImageMapKit */; };
		55FE1212277A75140031E404 /* UpcomingTitleTableViewCell.swift in Sources */ = {isa = PBXBuildFile; fileRef = 55FE1211277A75140031E404 /* UpcomingTitleTableViewCell.swift */; };
		55FE1214277A90B80031E404 /* TitleViewModel.swift in Sources */ = {isa = PBXBuildFile; fileRef = 55FE1213277A90B80031E404 /* TitleViewModel.swift */; };
/* End PBXBuildFile section */

/* Begin PBXContainerItemProxy section */
		55895B0D27725DD200395212 /* PBXContainerItemProxy */ = {
			isa = PBXContainerItemProxy;
			containerPortal = 55895AEE27725DCF00395212 /* Project object */;
			proxyType = 1;
			remoteGlobalIDString = 55895AF527725DCF00395212;
			remoteInfo = "Netflix Clone";
		};
		55895B1727725DD200395212 /* PBXContainerItemProxy */ = {
			isa = PBXContainerItemProxy;
			containerPortal = 55895AEE27725DCF00395212 /* Project object */;
			proxyType = 1;
			remoteGlobalIDString = 55895AF527725DCF00395212;
			remoteInfo = "Netflix Clone";
		};
/* End PBXContainerItemProxy section */

/* Begin PBXFileReference section */
		5535288B27BE820D00D8A2E9 /* Modules */ = {isa = PBXFileReference; lastKnownFileType = folder; path = Modules; sourceTree = "<group>"; };
		556F84DD2805AC340034CE8E /* Coordinator.swift */ = {isa = PBXFileReference; lastKnownFileType = sourcecode.swift; path = Coordinator.swift; sourceTree = "<group>"; };
		556F84E02805AD200034CE8E /* AppCoordinator.swift */ = {isa = PBXFileReference; lastKnownFileType = sourcecode.swift; path = AppCoordinator.swift; sourceTree = "<group>"; };
		556F84E32805B67C0034CE8E /* HomeCoordinator.swift */ = {isa = PBXFileReference; lastKnownFileType = sourcecode.swift; path = HomeCoordinator.swift; sourceTree = "<group>"; };
		556F84E62805B6F60034CE8E /* HomeService.swift */ = {isa = PBXFileReference; lastKnownFileType = sourcecode.swift; path = HomeService.swift; sourceTree = "<group>"; };
		556F84E92805BF9A0034CE8E /* ProfilePickerCoordinator.swift */ = {isa = PBXFileReference; lastKnownFileType = sourcecode.swift; path = ProfilePickerCoordinator.swift; sourceTree = "<group>"; };
		5573D2EB278A596B000332D9 /* SearchResultsViewController.swift */ = {isa = PBXFileReference; lastKnownFileType = sourcecode.swift; path = SearchResultsViewController.swift; sourceTree = "<group>"; };
		5573D2ED278A8EDE000332D9 /* YouTubeSearchResponse.swift */ = {isa = PBXFileReference; lastKnownFileType = sourcecode.swift; path = YouTubeSearchResponse.swift; sourceTree = "<group>"; };
		5580B95A280B499600B10D9D /* TitlePreviewCoordinator.swift */ = {isa = PBXFileReference; lastKnownFileType = sourcecode.swift; path = TitlePreviewCoordinator.swift; sourceTree = "<group>"; };
		5580B95E280B665000B10D9D /* TitlePlayerCoordinator.swift */ = {isa = PBXFileReference; lastKnownFileType = sourcecode.swift; path = TitlePlayerCoordinator.swift; sourceTree = "<group>"; };
		55895AF627725DCF00395212 /* Netflix Clone.app */ = {isa = PBXFileReference; explicitFileType = wrapper.application; includeInIndex = 0; path = "Netflix Clone.app"; sourceTree = BUILT_PRODUCTS_DIR; };
		55895AF927725DCF00395212 /* AppDelegate.swift */ = {isa = PBXFileReference; lastKnownFileType = sourcecode.swift; path = AppDelegate.swift; sourceTree = "<group>"; };
		55895AFB27725DCF00395212 /* SceneDelegate.swift */ = {isa = PBXFileReference; lastKnownFileType = sourcecode.swift; path = SceneDelegate.swift; sourceTree = "<group>"; };
		55895B0227725DD200395212 /* Assets.xcassets */ = {isa = PBXFileReference; lastKnownFileType = folder.assetcatalog; path = Assets.xcassets; sourceTree = "<group>"; };
		55895B0527725DD200395212 /* Base */ = {isa = PBXFileReference; lastKnownFileType = file.storyboard; name = Base; path = Base.lproj/LaunchScreen.storyboard; sourceTree = "<group>"; };
		55895B0727725DD200395212 /* Info.plist */ = {isa = PBXFileReference; lastKnownFileType = text.plist.xml; path = Info.plist; sourceTree = "<group>"; };
		55895B0C27725DD200395212 /* Netflix CloneTests.xctest */ = {isa = PBXFileReference; explicitFileType = wrapper.cfbundle; includeInIndex = 0; path = "Netflix CloneTests.xctest"; sourceTree = BUILT_PRODUCTS_DIR; };
		55895B1027725DD200395212 /* Netflix_CloneTests.swift */ = {isa = PBXFileReference; lastKnownFileType = sourcecode.swift; path = Netflix_CloneTests.swift; sourceTree = "<group>"; };
		55895B1627725DD200395212 /* Netflix CloneUITests.xctest */ = {isa = PBXFileReference; explicitFileType = wrapper.cfbundle; includeInIndex = 0; path = "Netflix CloneUITests.xctest"; sourceTree = BUILT_PRODUCTS_DIR; };
		55895B1A27725DD200395212 /* Netflix_CloneUITests.swift */ = {isa = PBXFileReference; lastKnownFileType = sourcecode.swift; path = Netflix_CloneUITests.swift; sourceTree = "<group>"; };
		55895B1C27725DD200395212 /* Netflix_CloneUITestsLaunchTests.swift */ = {isa = PBXFileReference; lastKnownFileType = sourcecode.swift; path = Netflix_CloneUITestsLaunchTests.swift; sourceTree = "<group>"; };
		55895B2E2772607400395212 /* SearchViewController.swift */ = {isa = PBXFileReference; lastKnownFileType = sourcecode.swift; path = SearchViewController.swift; sourceTree = "<group>"; };
		55895B30277260A900395212 /* DownloadsViewController.swift */ = {isa = PBXFileReference; lastKnownFileType = sourcecode.swift; path = DownloadsViewController.swift; sourceTree = "<group>"; };
		55895B3727726A6400395212 /* CollectionViewTableViewCell.swift */ = {isa = PBXFileReference; lastKnownFileType = sourcecode.swift; path = CollectionViewTableViewCell.swift; sourceTree = "<group>"; };
		55895B39277270A200395212 /* HeroHeaderView.swift */ = {isa = PBXFileReference; lastKnownFileType = sourcecode.swift; path = HeroHeaderView.swift; sourceTree = "<group>"; };
		5596A7D9280CE18800E3AD81 /* UpcomingSoonCoordinator.swift */ = {isa = PBXFileReference; lastKnownFileType = sourcecode.swift; path = UpcomingSoonCoordinator.swift; sourceTree = "<group>"; };
		5596A7DC280D1CD100E3AD81 /* UpcomingSoonService.swift */ = {isa = PBXFileReference; lastKnownFileType = sourcecode.swift; path = UpcomingSoonService.swift; sourceTree = "<group>"; };
		5596A7E2280D24FD00E3AD81 /* Constants.swift */ = {isa = PBXFileReference; lastKnownFileType = sourcecode.swift; path = Constants.swift; sourceTree = "<group>"; };
		5596A7E4280D280000E3AD81 /* HomeTrendingMoviesRequest.swift */ = {isa = PBXFileReference; lastKnownFileType = sourcecode.swift; path = HomeTrendingMoviesRequest.swift; sourceTree = "<group>"; };
		5596A7E6280D284700E3AD81 /* HomeTrendingTVsRequest.swift */ = {isa = PBXFileReference; lastKnownFileType = sourcecode.swift; path = HomeTrendingTVsRequest.swift; sourceTree = "<group>"; };
		5596A7E8280D291D00E3AD81 /* HomePopularMoviesRequest.swift */ = {isa = PBXFileReference; lastKnownFileType = sourcecode.swift; path = HomePopularMoviesRequest.swift; sourceTree = "<group>"; };
		5596A7EA280D2AE200E3AD81 /* HomePopularTVsRequest.swift */ = {isa = PBXFileReference; lastKnownFileType = sourcecode.swift; path = HomePopularTVsRequest.swift; sourceTree = "<group>"; };
		5596A7EC280D2CD800E3AD81 /* HomeTopRatedMoviesRequest.swift */ = {isa = PBXFileReference; lastKnownFileType = sourcecode.swift; path = HomeTopRatedMoviesRequest.swift; sourceTree = "<group>"; };
		5596A7EE280D2D1100E3AD81 /* HomeTopRatedTVsRequest.swift */ = {isa = PBXFileReference; lastKnownFileType = sourcecode.swift; path = HomeTopRatedTVsRequest.swift; sourceTree = "<group>"; };
		5596A7F0280D2D7F00E3AD81 /* HomeUpcomingMoviesRequest.swift */ = {isa = PBXFileReference; lastKnownFileType = sourcecode.swift; path = HomeUpcomingMoviesRequest.swift; sourceTree = "<group>"; };
		55FE11FF277A2AFC0031E404 /* HomeSectionHeader.swift */ = {isa = PBXFileReference; lastKnownFileType = sourcecode.swift; path = HomeSectionHeader.swift; sourceTree = "<group>"; };
		55FE1202277A2FE50031E404 /* UIFont+Extensions.swift */ = {isa = PBXFileReference; lastKnownFileType = sourcecode.swift; path = "UIFont+Extensions.swift"; sourceTree = "<group>"; };
		55FE1204277A34810031E404 /* APICaller.swift */ = {isa = PBXFileReference; lastKnownFileType = sourcecode.swift; path = APICaller.swift; sourceTree = "<group>"; };
		55FE1206277A38F30031E404 /* TitleResponse.swift */ = {isa = PBXFileReference; lastKnownFileType = sourcecode.swift; path = TitleResponse.swift; sourceTree = "<group>"; };
		55FE120A277A543A0031E404 /* TitleCollectionViewCell.swift */ = {isa = PBXFileReference; lastKnownFileType = sourcecode.swift; path = TitleCollectionViewCell.swift; sourceTree = "<group>"; };
		55FE1211277A75140031E404 /* UpcomingTitleTableViewCell.swift */ = {isa = PBXFileReference; lastKnownFileType = sourcecode.swift; path = UpcomingTitleTableViewCell.swift; sourceTree = "<group>"; };
		55FE1213277A90B80031E404 /* TitleViewModel.swift */ = {isa = PBXFileReference; lastKnownFileType = sourcecode.swift; path = TitleViewModel.swift; sourceTree = "<group>"; };
		55FE1215277A9A7E0031E404 /* README.md */ = {isa = PBXFileReference; lastKnownFileType = net.daringfireball.markdown; path = README.md; sourceTree = "<group>"; };
/* End PBXFileReference section */

/* Begin PBXFrameworksBuildPhase section */
		55895AF327725DCF00395212 /* Frameworks */ = {
			isa = PBXFrameworksBuildPhase;
			buildActionMask = 2147483647;
			files = (
				5535288E27BEA06300D8A2E9 /* Modules in Frameworks */,
				55FE1210277A57220031E404 /* SDWebImageMapKit in Frameworks */,
				55FE120E277A57220031E404 /* SDWebImage in Frameworks */,
			);
			runOnlyForDeploymentPostprocessing = 0;
		};
		55895B0927725DD200395212 /* Frameworks */ = {
			isa = PBXFrameworksBuildPhase;
			buildActionMask = 2147483647;
			files = (
			);
			runOnlyForDeploymentPostprocessing = 0;
		};
		55895B1327725DD200395212 /* Frameworks */ = {
			isa = PBXFrameworksBuildPhase;
			buildActionMask = 2147483647;
			files = (
			);
			runOnlyForDeploymentPostprocessing = 0;
		};
/* End PBXFrameworksBuildPhase section */

/* Begin PBXGroup section */
		5535288C27BEA06300D8A2E9 /* Frameworks */ = {
			isa = PBXGroup;
			children = (
			);
			name = Frameworks;
			sourceTree = "<group>";
		};
		556F84DC2805AC290034CE8E /* Coordinator */ = {
			isa = PBXGroup;
			children = (
				556F84DD2805AC340034CE8E /* Coordinator.swift */,
			);
			path = Coordinator;
			sourceTree = "<group>";
		};
		556F84DF2805AD150034CE8E /* App */ = {
			isa = PBXGroup;
			children = (
				556F84E02805AD200034CE8E /* AppCoordinator.swift */,
			);
			path = App;
			sourceTree = "<group>";
		};
		556F84E22805B6710034CE8E /* Home */ = {
			isa = PBXGroup;
			children = (
				5596A7DE280D246000E3AD81 /* Request */,
				556F84E52805B6ED0034CE8E /* Services */,
				556F84E32805B67C0034CE8E /* HomeCoordinator.swift */,
			);
			path = Home;
			sourceTree = "<group>";
		};
		556F84E52805B6ED0034CE8E /* Services */ = {
			isa = PBXGroup;
			children = (
				556F84E62805B6F60034CE8E /* HomeService.swift */,
			);
			path = Services;
			sourceTree = "<group>";
		};
		556F84E82805BF880034CE8E /* ProfilePicker */ = {
			isa = PBXGroup;
			children = (
				556F84E92805BF9A0034CE8E /* ProfilePickerCoordinator.swift */,
			);
			path = ProfilePicker;
			sourceTree = "<group>";
		};
		5580B959280B498000B10D9D /* TitleDetails */ = {
			isa = PBXGroup;
			children = (
				5580B95A280B499600B10D9D /* TitlePreviewCoordinator.swift */,
			);
			path = TitleDetails;
			sourceTree = "<group>";
		};
		5580B95D280B663F00B10D9D /* TitlePlayer */ = {
			isa = PBXGroup;
			children = (
				5580B95E280B665000B10D9D /* TitlePlayerCoordinator.swift */,
			);
			path = TitlePlayer;
			sourceTree = "<group>";
		};
		55895AED27725DCF00395212 = {
			isa = PBXGroup;
			children = (
				5535288B27BE820D00D8A2E9 /* Modules */,
				55FE1215277A9A7E0031E404 /* README.md */,
				55895AF827725DCF00395212 /* Netflix Clone */,
				55895B0F27725DD200395212 /* Netflix CloneTests */,
				55895B1927725DD200395212 /* Netflix CloneUITests */,
				55895AF727725DCF00395212 /* Products */,
				5535288C27BEA06300D8A2E9 /* Frameworks */,
			);
			sourceTree = "<group>";
		};
		55895AF727725DCF00395212 /* Products */ = {
			isa = PBXGroup;
			children = (
				55895AF627725DCF00395212 /* Netflix Clone.app */,
				55895B0C27725DD200395212 /* Netflix CloneTests.xctest */,
				55895B1627725DD200395212 /* Netflix CloneUITests.xctest */,
			);
			name = Products;
			sourceTree = "<group>";
		};
		55895AF827725DCF00395212 /* Netflix Clone */ = {
			isa = PBXGroup;
			children = (
				55895AF927725DCF00395212 /* AppDelegate.swift */,
				55895AFB27725DCF00395212 /* SceneDelegate.swift */,
				5596A7E1280D24E900E3AD81 /* Common */,
				556F84DC2805AC290034CE8E /* Coordinator */,
				556F84DF2805AD150034CE8E /* App */,
				556F84E22805B6710034CE8E /* Home */,
				556F84E82805BF880034CE8E /* ProfilePicker */,
				5580B959280B498000B10D9D /* TitleDetails */,
				5580B95D280B663F00B10D9D /* TitlePlayer */,
				5596A7D8280CE0EC00E3AD81 /* UpcomingSoon */,
				55895B3627726A3600395212 /* Managers */,
				55895B34277269E700395212 /* Models */,
				55895B32277269D400395212 /* Views */,
				55895B33277269DD00395212 /* ViewModels */,
				55895B292772602000395212 /* Controllers */,
				55895B3527726A2B00395212 /* Resources */,
				55895B0227725DD200395212 /* Assets.xcassets */,
				55895B0427725DD200395212 /* LaunchScreen.storyboard */,
				55895B0727725DD200395212 /* Info.plist */,
			);
			path = "Netflix Clone";
			sourceTree = "<group>";
		};
		55895B0F27725DD200395212 /* Netflix CloneTests */ = {
			isa = PBXGroup;
			children = (
				55895B1027725DD200395212 /* Netflix_CloneTests.swift */,
			);
			path = "Netflix CloneTests";
			sourceTree = "<group>";
		};
		55895B1927725DD200395212 /* Netflix CloneUITests */ = {
			isa = PBXGroup;
			children = (
				55895B1A27725DD200395212 /* Netflix_CloneUITests.swift */,
				55895B1C27725DD200395212 /* Netflix_CloneUITestsLaunchTests.swift */,
			);
			path = "Netflix CloneUITests";
			sourceTree = "<group>";
		};
		55895B292772602000395212 /* Controllers */ = {
			isa = PBXGroup;
			children = (
				55895B2E2772607400395212 /* SearchViewController.swift */,
				5573D2EB278A596B000332D9 /* SearchResultsViewController.swift */,
				55895B30277260A900395212 /* DownloadsViewController.swift */,
			);
			path = Controllers;
			sourceTree = "<group>";
		};
		55895B32277269D400395212 /* Views */ = {
			isa = PBXGroup;
			children = (
				55895B3727726A6400395212 /* CollectionViewTableViewCell.swift */,
				55895B39277270A200395212 /* HeroHeaderView.swift */,
				55FE11FF277A2AFC0031E404 /* HomeSectionHeader.swift */,
				55FE120A277A543A0031E404 /* TitleCollectionViewCell.swift */,
				55FE1211277A75140031E404 /* UpcomingTitleTableViewCell.swift */,
			);
			path = Views;
			sourceTree = "<group>";
		};
		55895B33277269DD00395212 /* ViewModels */ = {
			isa = PBXGroup;
			children = (
				55FE1213277A90B80031E404 /* TitleViewModel.swift */,
			);
			path = ViewModels;
			sourceTree = "<group>";
		};
		55895B34277269E700395212 /* Models */ = {
			isa = PBXGroup;
			children = (
				55FE1206277A38F30031E404 /* TitleResponse.swift */,
				5573D2ED278A8EDE000332D9 /* YouTubeSearchResponse.swift */,
			);
			path = Models;
			sourceTree = "<group>";
		};
		55895B3527726A2B00395212 /* Resources */ = {
			isa = PBXGroup;
			children = (
				55FE1202277A2FE50031E404 /* UIFont+Extensions.swift */,
			);
			path = Resources;
			sourceTree = "<group>";
		};
		55895B3627726A3600395212 /* Managers */ = {
			isa = PBXGroup;
			children = (
				55FE1204277A34810031E404 /* APICaller.swift */,
			);
			path = Managers;
			sourceTree = "<group>";
		};
		5596A7D8280CE0EC00E3AD81 /* UpcomingSoon */ = {
			isa = PBXGroup;
			children = (
				5596A7DB280D1CC600E3AD81 /* Services */,
				5596A7D9280CE18800E3AD81 /* UpcomingSoonCoordinator.swift */,
			);
			path = UpcomingSoon;
			sourceTree = "<group>";
		};
		5596A7DB280D1CC600E3AD81 /* Services */ = {
			isa = PBXGroup;
			children = (
				5596A7DC280D1CD100E3AD81 /* UpcomingSoonService.swift */,
			);
			path = Services;
			sourceTree = "<group>";
		};
		5596A7DE280D246000E3AD81 /* Request */ = {
			isa = PBXGroup;
			children = (
				5596A7E4280D280000E3AD81 /* HomeTrendingMoviesRequest.swift */,
				5596A7E6280D284700E3AD81 /* HomeTrendingTVsRequest.swift */,
				5596A7E8280D291D00E3AD81 /* HomePopularMoviesRequest.swift */,
				5596A7EA280D2AE200E3AD81 /* HomePopularTVsRequest.swift */,
				5596A7F0280D2D7F00E3AD81 /* HomeUpcomingMoviesRequest.swift */,
				5596A7EC280D2CD800E3AD81 /* HomeTopRatedMoviesRequest.swift */,
				5596A7EE280D2D1100E3AD81 /* HomeTopRatedTVsRequest.swift */,
			);
			path = Request;
			sourceTree = "<group>";
		};
		5596A7E1280D24E900E3AD81 /* Common */ = {
			isa = PBXGroup;
			children = (
				5596A7E2280D24FD00E3AD81 /* Constants.swift */,
			);
			path = Common;
			sourceTree = "<group>";
		};
/* End PBXGroup section */

/* Begin PBXNativeTarget section */
		55895AF527725DCF00395212 /* Netflix Clone */ = {
			isa = PBXNativeTarget;
			buildConfigurationList = 55895B2027725DD200395212 /* Build configuration list for PBXNativeTarget "Netflix Clone" */;
			buildPhases = (
				55895AF227725DCF00395212 /* Sources */,
				55895AF327725DCF00395212 /* Frameworks */,
				55895AF427725DCF00395212 /* Resources */,
			);
			buildRules = (
			);
			dependencies = (
			);
			name = "Netflix Clone";
			packageProductDependencies = (
				55FE120D277A57220031E404 /* SDWebImage */,
				55FE120F277A57220031E404 /* SDWebImageMapKit */,
				5535288D27BEA06300D8A2E9 /* Modules */,
			);
			productName = "Netflix Clone";
			productReference = 55895AF627725DCF00395212 /* Netflix Clone.app */;
			productType = "com.apple.product-type.application";
		};
		55895B0B27725DD200395212 /* Netflix CloneTests */ = {
			isa = PBXNativeTarget;
			buildConfigurationList = 55895B2327725DD200395212 /* Build configuration list for PBXNativeTarget "Netflix CloneTests" */;
			buildPhases = (
				55895B0827725DD200395212 /* Sources */,
				55895B0927725DD200395212 /* Frameworks */,
				55895B0A27725DD200395212 /* Resources */,
			);
			buildRules = (
			);
			dependencies = (
				55895B0E27725DD200395212 /* PBXTargetDependency */,
			);
			name = "Netflix CloneTests";
			productName = "Netflix CloneTests";
			productReference = 55895B0C27725DD200395212 /* Netflix CloneTests.xctest */;
			productType = "com.apple.product-type.bundle.unit-test";
		};
		55895B1527725DD200395212 /* Netflix CloneUITests */ = {
			isa = PBXNativeTarget;
			buildConfigurationList = 55895B2627725DD200395212 /* Build configuration list for PBXNativeTarget "Netflix CloneUITests" */;
			buildPhases = (
				55895B1227725DD200395212 /* Sources */,
				55895B1327725DD200395212 /* Frameworks */,
				55895B1427725DD200395212 /* Resources */,
			);
			buildRules = (
			);
			dependencies = (
				55895B1827725DD200395212 /* PBXTargetDependency */,
			);
			name = "Netflix CloneUITests";
			productName = "Netflix CloneUITests";
			productReference = 55895B1627725DD200395212 /* Netflix CloneUITests.xctest */;
			productType = "com.apple.product-type.bundle.ui-testing";
		};
/* End PBXNativeTarget section */

/* Begin PBXProject section */
		55895AEE27725DCF00395212 /* Project object */ = {
			isa = PBXProject;
			attributes = {
				BuildIndependentTargetsInParallel = 1;
				LastSwiftUpdateCheck = 1310;
				LastUpgradeCheck = 1310;
				TargetAttributes = {
					55895AF527725DCF00395212 = {
						CreatedOnToolsVersion = 13.1;
					};
					55895B0B27725DD200395212 = {
						CreatedOnToolsVersion = 13.1;
						TestTargetID = 55895AF527725DCF00395212;
					};
					55895B1527725DD200395212 = {
						CreatedOnToolsVersion = 13.1;
						TestTargetID = 55895AF527725DCF00395212;
					};
				};
			};
			buildConfigurationList = 55895AF127725DCF00395212 /* Build configuration list for PBXProject "Netflix Clone" */;
			compatibilityVersion = "Xcode 13.0";
			developmentRegion = en;
			hasScannedForEncodings = 0;
			knownRegions = (
				en,
				Base,
			);
			mainGroup = 55895AED27725DCF00395212;
			packageReferences = (
				55FE120C277A57220031E404 /* XCRemoteSwiftPackageReference "SDWebImage" */,
			);
			productRefGroup = 55895AF727725DCF00395212 /* Products */;
			projectDirPath = "";
			projectRoot = "";
			targets = (
				55895AF527725DCF00395212 /* Netflix Clone */,
				55895B0B27725DD200395212 /* Netflix CloneTests */,
				55895B1527725DD200395212 /* Netflix CloneUITests */,
			);
		};
/* End PBXProject section */

/* Begin PBXResourcesBuildPhase section */
		55895AF427725DCF00395212 /* Resources */ = {
			isa = PBXResourcesBuildPhase;
			buildActionMask = 2147483647;
			files = (
				55895B0627725DD200395212 /* LaunchScreen.storyboard in Resources */,
				55895B0327725DD200395212 /* Assets.xcassets in Resources */,
			);
			runOnlyForDeploymentPostprocessing = 0;
		};
		55895B0A27725DD200395212 /* Resources */ = {
			isa = PBXResourcesBuildPhase;
			buildActionMask = 2147483647;
			files = (
			);
			runOnlyForDeploymentPostprocessing = 0;
		};
		55895B1427725DD200395212 /* Resources */ = {
			isa = PBXResourcesBuildPhase;
			buildActionMask = 2147483647;
			files = (
			);
			runOnlyForDeploymentPostprocessing = 0;
		};
/* End PBXResourcesBuildPhase section */

/* Begin PBXSourcesBuildPhase section */
		55895AF227725DCF00395212 /* Sources */ = {
			isa = PBXSourcesBuildPhase;
			buildActionMask = 2147483647;
			files = (
				55895B2F2772607400395212 /* SearchViewController.swift in Sources */,
				5596A7F1280D2D7F00E3AD81 /* HomeUpcomingMoviesRequest.swift in Sources */,
				5573D2EC278A596B000332D9 /* SearchResultsViewController.swift in Sources */,
				5596A7ED280D2CD800E3AD81 /* HomeTopRatedMoviesRequest.swift in Sources */,
				55FE1203277A2FE50031E404 /* UIFont+Extensions.swift in Sources */,
				5596A7E5280D280000E3AD81 /* HomeTrendingMoviesRequest.swift in Sources */,
				5580B95B280B499600B10D9D /* TitlePreviewCoordinator.swift in Sources */,
				55895B3827726A6400395212 /* CollectionViewTableViewCell.swift in Sources */,
				55895B31277260A900395212 /* DownloadsViewController.swift in Sources */,
				556F84E12805AD200034CE8E /* AppCoordinator.swift in Sources */,
				55895B3A277270A300395212 /* HeroHeaderView.swift in Sources */,
				55895AFA27725DCF00395212 /* AppDelegate.swift in Sources */,
				5580B95F280B665000B10D9D /* TitlePlayerCoordinator.swift in Sources */,
				5596A7E9280D291D00E3AD81 /* HomePopularMoviesRequest.swift in Sources */,
				5596A7E3280D24FD00E3AD81 /* Constants.swift in Sources */,
				55FE1212277A75140031E404 /* UpcomingTitleTableViewCell.swift in Sources */,
				556F84EA2805BF9A0034CE8E /* ProfilePickerCoordinator.swift in Sources */,
				55FE120B277A543B0031E404 /* TitleCollectionViewCell.swift in Sources */,
				5596A7DD280D1CD100E3AD81 /* UpcomingSoonService.swift in Sources */,
				55FE1205277A34810031E404 /* APICaller.swift in Sources */,
				556F84DE2805AC340034CE8E /* Coordinator.swift in Sources */,
				55FE1207277A38F30031E404 /* TitleResponse.swift in Sources */,
				55895AFC27725DCF00395212 /* SceneDelegate.swift in Sources */,
				5596A7DA280CE18800E3AD81 /* UpcomingSoonCoordinator.swift in Sources */,
				55FE1214277A90B80031E404 /* TitleViewModel.swift in Sources */,
				5596A7EB280D2AE200E3AD81 /* HomePopularTVsRequest.swift in Sources */,
				556F84E72805B6F60034CE8E /* HomeService.swift in Sources */,
				5573D2EE278A8EDF000332D9 /* YouTubeSearchResponse.swift in Sources */,
				55FE1200277A2AFC0031E404 /* HomeSectionHeader.swift in Sources */,
				5596A7EF280D2D1100E3AD81 /* HomeTopRatedTVsRequest.swift in Sources */,
				5596A7E7280D284700E3AD81 /* HomeTrendingTVsRequest.swift in Sources */,
				556F84E42805B67C0034CE8E /* HomeCoordinator.swift in Sources */,
			);
			runOnlyForDeploymentPostprocessing = 0;
		};
		55895B0827725DD200395212 /* Sources */ = {
			isa = PBXSourcesBuildPhase;
			buildActionMask = 2147483647;
			files = (
				55895B1127725DD200395212 /* Netflix_CloneTests.swift in Sources */,
			);
			runOnlyForDeploymentPostprocessing = 0;
		};
		55895B1227725DD200395212 /* Sources */ = {
			isa = PBXSourcesBuildPhase;
			buildActionMask = 2147483647;
			files = (
				55895B1B27725DD200395212 /* Netflix_CloneUITests.swift in Sources */,
				55895B1D27725DD200395212 /* Netflix_CloneUITestsLaunchTests.swift in Sources */,
			);
			runOnlyForDeploymentPostprocessing = 0;
		};
/* End PBXSourcesBuildPhase section */

/* Begin PBXTargetDependency section */
		55895B0E27725DD200395212 /* PBXTargetDependency */ = {
			isa = PBXTargetDependency;
			target = 55895AF527725DCF00395212 /* Netflix Clone */;
			targetProxy = 55895B0D27725DD200395212 /* PBXContainerItemProxy */;
		};
		55895B1827725DD200395212 /* PBXTargetDependency */ = {
			isa = PBXTargetDependency;
			target = 55895AF527725DCF00395212 /* Netflix Clone */;
			targetProxy = 55895B1727725DD200395212 /* PBXContainerItemProxy */;
		};
/* End PBXTargetDependency section */

/* Begin PBXVariantGroup section */
		55895B0427725DD200395212 /* LaunchScreen.storyboard */ = {
			isa = PBXVariantGroup;
			children = (
				55895B0527725DD200395212 /* Base */,
			);
			name = LaunchScreen.storyboard;
			sourceTree = "<group>";
		};
/* End PBXVariantGroup section */

/* Begin XCBuildConfiguration section */
		55895B1E27725DD200395212 /* Debug */ = {
			isa = XCBuildConfiguration;
			buildSettings = {
				ALWAYS_SEARCH_USER_PATHS = NO;
				CLANG_ANALYZER_NONNULL = YES;
				CLANG_ANALYZER_NUMBER_OBJECT_CONVERSION = YES_AGGRESSIVE;
				CLANG_CXX_LANGUAGE_STANDARD = "gnu++17";
				CLANG_CXX_LIBRARY = "libc++";
				CLANG_ENABLE_MODULES = YES;
				CLANG_ENABLE_OBJC_ARC = YES;
				CLANG_ENABLE_OBJC_WEAK = YES;
				CLANG_WARN_BLOCK_CAPTURE_AUTORELEASING = YES;
				CLANG_WARN_BOOL_CONVERSION = YES;
				CLANG_WARN_COMMA = YES;
				CLANG_WARN_CONSTANT_CONVERSION = YES;
				CLANG_WARN_DEPRECATED_OBJC_IMPLEMENTATIONS = YES;
				CLANG_WARN_DIRECT_OBJC_ISA_USAGE = YES_ERROR;
				CLANG_WARN_DOCUMENTATION_COMMENTS = YES;
				CLANG_WARN_EMPTY_BODY = YES;
				CLANG_WARN_ENUM_CONVERSION = YES;
				CLANG_WARN_INFINITE_RECURSION = YES;
				CLANG_WARN_INT_CONVERSION = YES;
				CLANG_WARN_NON_LITERAL_NULL_CONVERSION = YES;
				CLANG_WARN_OBJC_IMPLICIT_RETAIN_SELF = YES;
				CLANG_WARN_OBJC_LITERAL_CONVERSION = YES;
				CLANG_WARN_OBJC_ROOT_CLASS = YES_ERROR;
				CLANG_WARN_QUOTED_INCLUDE_IN_FRAMEWORK_HEADER = YES;
				CLANG_WARN_RANGE_LOOP_ANALYSIS = YES;
				CLANG_WARN_STRICT_PROTOTYPES = YES;
				CLANG_WARN_SUSPICIOUS_MOVE = YES;
				CLANG_WARN_UNGUARDED_AVAILABILITY = YES_AGGRESSIVE;
				CLANG_WARN_UNREACHABLE_CODE = YES;
				CLANG_WARN__DUPLICATE_METHOD_MATCH = YES;
				COPY_PHASE_STRIP = NO;
				DEBUG_INFORMATION_FORMAT = dwarf;
				ENABLE_STRICT_OBJC_MSGSEND = YES;
				ENABLE_TESTABILITY = YES;
				GCC_C_LANGUAGE_STANDARD = gnu11;
				GCC_DYNAMIC_NO_PIC = NO;
				GCC_NO_COMMON_BLOCKS = YES;
				GCC_OPTIMIZATION_LEVEL = 0;
				GCC_PREPROCESSOR_DEFINITIONS = (
					"DEBUG=1",
					"$(inherited)",
				);
				GCC_WARN_64_TO_32_BIT_CONVERSION = YES;
				GCC_WARN_ABOUT_RETURN_TYPE = YES_ERROR;
				GCC_WARN_UNDECLARED_SELECTOR = YES;
				GCC_WARN_UNINITIALIZED_AUTOS = YES_AGGRESSIVE;
				GCC_WARN_UNUSED_FUNCTION = YES;
				GCC_WARN_UNUSED_VARIABLE = YES;
				IPHONEOS_DEPLOYMENT_TARGET = 13.0;
				MTL_ENABLE_DEBUG_INFO = INCLUDE_SOURCE;
				MTL_FAST_MATH = YES;
				ONLY_ACTIVE_ARCH = YES;
				SDKROOT = iphoneos;
				SWIFT_ACTIVE_COMPILATION_CONDITIONS = DEBUG;
				SWIFT_OPTIMIZATION_LEVEL = "-Onone";
			};
			name = Debug;
		};
		55895B1F27725DD200395212 /* Release */ = {
			isa = XCBuildConfiguration;
			buildSettings = {
				ALWAYS_SEARCH_USER_PATHS = NO;
				CLANG_ANALYZER_NONNULL = YES;
				CLANG_ANALYZER_NUMBER_OBJECT_CONVERSION = YES_AGGRESSIVE;
				CLANG_CXX_LANGUAGE_STANDARD = "gnu++17";
				CLANG_CXX_LIBRARY = "libc++";
				CLANG_ENABLE_MODULES = YES;
				CLANG_ENABLE_OBJC_ARC = YES;
				CLANG_ENABLE_OBJC_WEAK = YES;
				CLANG_WARN_BLOCK_CAPTURE_AUTORELEASING = YES;
				CLANG_WARN_BOOL_CONVERSION = YES;
				CLANG_WARN_COMMA = YES;
				CLANG_WARN_CONSTANT_CONVERSION = YES;
				CLANG_WARN_DEPRECATED_OBJC_IMPLEMENTATIONS = YES;
				CLANG_WARN_DIRECT_OBJC_ISA_USAGE = YES_ERROR;
				CLANG_WARN_DOCUMENTATION_COMMENTS = YES;
				CLANG_WARN_EMPTY_BODY = YES;
				CLANG_WARN_ENUM_CONVERSION = YES;
				CLANG_WARN_INFINITE_RECURSION = YES;
				CLANG_WARN_INT_CONVERSION = YES;
				CLANG_WARN_NON_LITERAL_NULL_CONVERSION = YES;
				CLANG_WARN_OBJC_IMPLICIT_RETAIN_SELF = YES;
				CLANG_WARN_OBJC_LITERAL_CONVERSION = YES;
				CLANG_WARN_OBJC_ROOT_CLASS = YES_ERROR;
				CLANG_WARN_QUOTED_INCLUDE_IN_FRAMEWORK_HEADER = YES;
				CLANG_WARN_RANGE_LOOP_ANALYSIS = YES;
				CLANG_WARN_STRICT_PROTOTYPES = YES;
				CLANG_WARN_SUSPICIOUS_MOVE = YES;
				CLANG_WARN_UNGUARDED_AVAILABILITY = YES_AGGRESSIVE;
				CLANG_WARN_UNREACHABLE_CODE = YES;
				CLANG_WARN__DUPLICATE_METHOD_MATCH = YES;
				COPY_PHASE_STRIP = NO;
				DEBUG_INFORMATION_FORMAT = "dwarf-with-dsym";
				ENABLE_NS_ASSERTIONS = NO;
				ENABLE_STRICT_OBJC_MSGSEND = YES;
				GCC_C_LANGUAGE_STANDARD = gnu11;
				GCC_NO_COMMON_BLOCKS = YES;
				GCC_WARN_64_TO_32_BIT_CONVERSION = YES;
				GCC_WARN_ABOUT_RETURN_TYPE = YES_ERROR;
				GCC_WARN_UNDECLARED_SELECTOR = YES;
				GCC_WARN_UNINITIALIZED_AUTOS = YES_AGGRESSIVE;
				GCC_WARN_UNUSED_FUNCTION = YES;
				GCC_WARN_UNUSED_VARIABLE = YES;
				IPHONEOS_DEPLOYMENT_TARGET = 13.0;
				MTL_ENABLE_DEBUG_INFO = NO;
				MTL_FAST_MATH = YES;
				SDKROOT = iphoneos;
				SWIFT_COMPILATION_MODE = wholemodule;
				SWIFT_OPTIMIZATION_LEVEL = "-O";
				VALIDATE_PRODUCT = YES;
			};
			name = Release;
		};
		55895B2127725DD200395212 /* Debug */ = {
			isa = XCBuildConfiguration;
			buildSettings = {
				ASSETCATALOG_COMPILER_APPICON_NAME = AppIcon;
				ASSETCATALOG_COMPILER_GLOBAL_ACCENT_COLOR_NAME = AccentColor;
				CODE_SIGN_STYLE = Automatic;
				CURRENT_PROJECT_VERSION = 1;
				DEVELOPMENT_TEAM = YVUPDJXNRC;
				GENERATE_INFOPLIST_FILE = YES;
				INFOPLIST_FILE = "Netflix Clone/Info.plist";
				INFOPLIST_KEY_UIApplicationSupportsIndirectInputEvents = YES;
				INFOPLIST_KEY_UILaunchStoryboardName = LaunchScreen;
				INFOPLIST_KEY_UISupportedInterfaceOrientations_iPad = "UIInterfaceOrientationPortrait UIInterfaceOrientationPortraitUpsideDown UIInterfaceOrientationLandscapeLeft UIInterfaceOrientationLandscapeRight";
				INFOPLIST_KEY_UISupportedInterfaceOrientations_iPhone = "UIInterfaceOrientationPortrait UIInterfaceOrientationLandscapeLeft UIInterfaceOrientationLandscapeRight";
				LD_RUNPATH_SEARCH_PATHS = (
					"$(inherited)",
					"@executable_path/Frameworks",
				);
				MARKETING_VERSION = 1.0;
				PRODUCT_BUNDLE_IDENTIFIER = "com.FelipeVidal.Netflix-Clone";
				PRODUCT_NAME = "$(TARGET_NAME)";
				SWIFT_EMIT_LOC_STRINGS = YES;
				SWIFT_VERSION = 5.0;
				TARGETED_DEVICE_FAMILY = "1,2";
			};
			name = Debug;
		};
		55895B2227725DD200395212 /* Release */ = {
			isa = XCBuildConfiguration;
			buildSettings = {
				ASSETCATALOG_COMPILER_APPICON_NAME = AppIcon;
				ASSETCATALOG_COMPILER_GLOBAL_ACCENT_COLOR_NAME = AccentColor;
				CODE_SIGN_STYLE = Automatic;
				CURRENT_PROJECT_VERSION = 1;
				DEVELOPMENT_TEAM = YVUPDJXNRC;
				GENERATE_INFOPLIST_FILE = YES;
				INFOPLIST_FILE = "Netflix Clone/Info.plist";
				INFOPLIST_KEY_UIApplicationSupportsIndirectInputEvents = YES;
				INFOPLIST_KEY_UILaunchStoryboardName = LaunchScreen;
				INFOPLIST_KEY_UISupportedInterfaceOrientations_iPad = "UIInterfaceOrientationPortrait UIInterfaceOrientationPortraitUpsideDown UIInterfaceOrientationLandscapeLeft UIInterfaceOrientationLandscapeRight";
				INFOPLIST_KEY_UISupportedInterfaceOrientations_iPhone = "UIInterfaceOrientationPortrait UIInterfaceOrientationLandscapeLeft UIInterfaceOrientationLandscapeRight";
				LD_RUNPATH_SEARCH_PATHS = (
					"$(inherited)",
					"@executable_path/Frameworks",
				);
				MARKETING_VERSION = 1.0;
				PRODUCT_BUNDLE_IDENTIFIER = "com.FelipeVidal.Netflix-Clone";
				PRODUCT_NAME = "$(TARGET_NAME)";
				SWIFT_EMIT_LOC_STRINGS = YES;
				SWIFT_VERSION = 5.0;
				TARGETED_DEVICE_FAMILY = "1,2";
			};
			name = Release;
		};
		55895B2427725DD200395212 /* Debug */ = {
			isa = XCBuildConfiguration;
			buildSettings = {
				ALWAYS_EMBED_SWIFT_STANDARD_LIBRARIES = YES;
				BUNDLE_LOADER = "$(TEST_HOST)";
				CODE_SIGN_STYLE = Automatic;
				CURRENT_PROJECT_VERSION = 1;
				DEVELOPMENT_TEAM = YVUPDJXNRC;
				GENERATE_INFOPLIST_FILE = YES;
				IPHONEOS_DEPLOYMENT_TARGET = 15.0;
				LD_RUNPATH_SEARCH_PATHS = (
					"$(inherited)",
					"@executable_path/Frameworks",
					"@loader_path/Frameworks",
				);
				MARKETING_VERSION = 1.0;
				PRODUCT_BUNDLE_IDENTIFIER = "com.FelipeVidal.Netflix-CloneTests";
				PRODUCT_NAME = "$(TARGET_NAME)";
				SWIFT_EMIT_LOC_STRINGS = NO;
				SWIFT_VERSION = 5.0;
				TARGETED_DEVICE_FAMILY = "1,2";
				TEST_HOST = "$(BUILT_PRODUCTS_DIR)/Netflix Clone.app/Netflix Clone";
			};
			name = Debug;
		};
		55895B2527725DD200395212 /* Release */ = {
			isa = XCBuildConfiguration;
			buildSettings = {
				ALWAYS_EMBED_SWIFT_STANDARD_LIBRARIES = YES;
				BUNDLE_LOADER = "$(TEST_HOST)";
				CODE_SIGN_STYLE = Automatic;
				CURRENT_PROJECT_VERSION = 1;
				DEVELOPMENT_TEAM = YVUPDJXNRC;
				GENERATE_INFOPLIST_FILE = YES;
				IPHONEOS_DEPLOYMENT_TARGET = 15.0;
				LD_RUNPATH_SEARCH_PATHS = (
					"$(inherited)",
					"@executable_path/Frameworks",
					"@loader_path/Frameworks",
				);
				MARKETING_VERSION = 1.0;
				PRODUCT_BUNDLE_IDENTIFIER = "com.FelipeVidal.Netflix-CloneTests";
				PRODUCT_NAME = "$(TARGET_NAME)";
				SWIFT_EMIT_LOC_STRINGS = NO;
				SWIFT_VERSION = 5.0;
				TARGETED_DEVICE_FAMILY = "1,2";
				TEST_HOST = "$(BUILT_PRODUCTS_DIR)/Netflix Clone.app/Netflix Clone";
			};
			name = Release;
		};
		55895B2727725DD200395212 /* Debug */ = {
			isa = XCBuildConfiguration;
			buildSettings = {
				ALWAYS_EMBED_SWIFT_STANDARD_LIBRARIES = YES;
				CODE_SIGN_STYLE = Automatic;
				CURRENT_PROJECT_VERSION = 1;
				DEVELOPMENT_TEAM = YVUPDJXNRC;
				GENERATE_INFOPLIST_FILE = YES;
				LD_RUNPATH_SEARCH_PATHS = (
					"$(inherited)",
					"@executable_path/Frameworks",
					"@loader_path/Frameworks",
				);
				MARKETING_VERSION = 1.0;
				PRODUCT_BUNDLE_IDENTIFIER = "com.FelipeVidal.Netflix-CloneUITests";
				PRODUCT_NAME = "$(TARGET_NAME)";
				SWIFT_EMIT_LOC_STRINGS = NO;
				SWIFT_VERSION = 5.0;
				TARGETED_DEVICE_FAMILY = "1,2";
				TEST_TARGET_NAME = "Netflix Clone";
			};
			name = Debug;
		};
		55895B2827725DD200395212 /* Release */ = {
			isa = XCBuildConfiguration;
			buildSettings = {
				ALWAYS_EMBED_SWIFT_STANDARD_LIBRARIES = YES;
				CODE_SIGN_STYLE = Automatic;
				CURRENT_PROJECT_VERSION = 1;
				DEVELOPMENT_TEAM = YVUPDJXNRC;
				GENERATE_INFOPLIST_FILE = YES;
				LD_RUNPATH_SEARCH_PATHS = (
					"$(inherited)",
					"@executable_path/Frameworks",
					"@loader_path/Frameworks",
				);
				MARKETING_VERSION = 1.0;
				PRODUCT_BUNDLE_IDENTIFIER = "com.FelipeVidal.Netflix-CloneUITests";
				PRODUCT_NAME = "$(TARGET_NAME)";
				SWIFT_EMIT_LOC_STRINGS = NO;
				SWIFT_VERSION = 5.0;
				TARGETED_DEVICE_FAMILY = "1,2";
				TEST_TARGET_NAME = "Netflix Clone";
			};
			name = Release;
		};
/* End XCBuildConfiguration section */

/* Begin XCConfigurationList section */
		55895AF127725DCF00395212 /* Build configuration list for PBXProject "Netflix Clone" */ = {
			isa = XCConfigurationList;
			buildConfigurations = (
				55895B1E27725DD200395212 /* Debug */,
				55895B1F27725DD200395212 /* Release */,
			);
			defaultConfigurationIsVisible = 0;
			defaultConfigurationName = Release;
		};
		55895B2027725DD200395212 /* Build configuration list for PBXNativeTarget "Netflix Clone" */ = {
			isa = XCConfigurationList;
			buildConfigurations = (
				55895B2127725DD200395212 /* Debug */,
				55895B2227725DD200395212 /* Release */,
			);
			defaultConfigurationIsVisible = 0;
			defaultConfigurationName = Release;
		};
		55895B2327725DD200395212 /* Build configuration list for PBXNativeTarget "Netflix CloneTests" */ = {
			isa = XCConfigurationList;
			buildConfigurations = (
				55895B2427725DD200395212 /* Debug */,
				55895B2527725DD200395212 /* Release */,
			);
			defaultConfigurationIsVisible = 0;
			defaultConfigurationName = Release;
		};
		55895B2627725DD200395212 /* Build configuration list for PBXNativeTarget "Netflix CloneUITests" */ = {
			isa = XCConfigurationList;
			buildConfigurations = (
				55895B2727725DD200395212 /* Debug */,
				55895B2827725DD200395212 /* Release */,
			);
			defaultConfigurationIsVisible = 0;
			defaultConfigurationName = Release;
		};
/* End XCConfigurationList section */

/* Begin XCRemoteSwiftPackageReference section */
		55FE120C277A57220031E404 /* XCRemoteSwiftPackageReference "SDWebImage" */ = {
			isa = XCRemoteSwiftPackageReference;
			repositoryURL = "https://github.com/SDWebImage/SDWebImage.git";
			requirement = {
				kind = upToNextMajorVersion;
				minimumVersion = 5.0.0;
			};
		};
/* End XCRemoteSwiftPackageReference section */

/* Begin XCSwiftPackageProductDependency section */
		5535288D27BEA06300D8A2E9 /* Modules */ = {
			isa = XCSwiftPackageProductDependency;
			productName = Modules;
		};
		55FE120D277A57220031E404 /* SDWebImage */ = {
			isa = XCSwiftPackageProductDependency;
			package = 55FE120C277A57220031E404 /* XCRemoteSwiftPackageReference "SDWebImage" */;
			productName = SDWebImage;
		};
		55FE120F277A57220031E404 /* SDWebImageMapKit */ = {
			isa = XCSwiftPackageProductDependency;
			package = 55FE120C277A57220031E404 /* XCRemoteSwiftPackageReference "SDWebImage" */;
			productName = SDWebImageMapKit;
		};
/* End XCSwiftPackageProductDependency section */
	};
	rootObject = 55895AEE27725DCF00395212 /* Project object */;
}
